// !$*UTF8*$!
{
	archiveVersion = 1;
	classes = {
	};
	objectVersion = 46;
	objects = {

/* Begin PBXBuildFile section */
		1302307A1F7C7F7D0081D580 /* AppDelegate.swift in Sources */ = {isa = PBXBuildFile; fileRef = 130230791F7C7F7D0081D580 /* AppDelegate.swift */; };
		1302307C1F7C7F7D0081D580 /* ViewController.swift in Sources */ = {isa = PBXBuildFile; fileRef = 1302307B1F7C7F7D0081D580 /* ViewController.swift */; };
		1302307F1F7C7F7D0081D580 /* Main.storyboard in Resources */ = {isa = PBXBuildFile; fileRef = 1302307D1F7C7F7D0081D580 /* Main.storyboard */; };
		130230811F7C7F7D0081D580 /* Assets.xcassets in Resources */ = {isa = PBXBuildFile; fileRef = 130230801F7C7F7D0081D580 /* Assets.xcassets */; };
		130230841F7C7F7D0081D580 /* LaunchScreen.storyboard in Resources */ = {isa = PBXBuildFile; fileRef = 130230821F7C7F7D0081D580 /* LaunchScreen.storyboard */; };
/* End PBXBuildFile section */

/* Begin PBXFileReference section */
		130230761F7C7F7D0081D580 /* RestructureApp.app */ = {isa = PBXFileReference; explicitFileType = wrapper.application; includeInIndex = 0; path = RestructureApp.app; sourceTree = BUILT_PRODUCTS_DIR; };
		130230791F7C7F7D0081D580 /* AppDelegate.swift */ = {isa = PBXFileReference; lastKnownFileType = sourcecode.swift; path = AppDelegate.swift; sourceTree = "<group>"; };
		1302307B1F7C7F7D0081D580 /* ViewController.swift */ = {isa = PBXFileReference; lastKnownFileType = sourcecode.swift; path = ViewController.swift; sourceTree = "<group>"; };
		1302307E1F7C7F7D0081D580 /* Base */ = {isa = PBXFileReference; lastKnownFileType = file.storyboard; name = Base; path = Base.lproj/Main.storyboard; sourceTree = "<group>"; };
		130230801F7C7F7D0081D580 /* Assets.xcassets */ = {isa = PBXFileReference; lastKnownFileType = folder.assetcatalog; path = Assets.xcassets; sourceTree = "<group>"; };
		130230831F7C7F7D0081D580 /* Base */ = {isa = PBXFileReference; lastKnownFileType = file.storyboard; name = Base; path = Base.lproj/LaunchScreen.storyboard; sourceTree = "<group>"; };
		130230851F7C7F7D0081D580 /* Info.plist */ = {isa = PBXFileReference; lastKnownFileType = text.plist.xml; path = Info.plist; sourceTree = "<group>"; };
/* End PBXFileReference section */

/* Begin PBXFrameworksBuildPhase section */
		130230731F7C7F7D0081D580 /* Frameworks */ = {
			isa = PBXFrameworksBuildPhase;
			buildActionMask = 2147483647;
			files = (
			);
			runOnlyForDeploymentPostprocessing = 0;
		};
/* End PBXFrameworksBuildPhase section */

/* Begin PBXGroup section */
		1302306D1F7C7F7C0081D580 = {
			isa = PBXGroup;
			children = (
				130230781F7C7F7D0081D580 /* RestructureApp */,
				130230771F7C7F7D0081D580 /* Products */,
			);
			sourceTree = "<group>";
		};
		130230771F7C7F7D0081D580 /* Products */ = {
			isa = PBXGroup;
			children = (
				130230761F7C7F7D0081D580 /* RestructureApp.app */,
			);
			name = Products;
			sourceTree = "<group>";
		};
		130230781F7C7F7D0081D580 /* RestructureApp */ = {
			isa = PBXGroup;
			children = (
				130230791F7C7F7D0081D580 /* AppDelegate.swift */,
				1302307B1F7C7F7D0081D580 /* ViewController.swift */,
				1302307D1F7C7F7D0081D580 /* Main.storyboard */,
				130230801F7C7F7D0081D580 /* Assets.xcassets */,
				130230821F7C7F7D0081D580 /* LaunchScreen.storyboard */,
				130230851F7C7F7D0081D580 /* Info.plist */,
			);
			path = RestructureApp;
			sourceTree = "<group>";
		};
/* End PBXGroup section */

/* Begin PBXNativeTarget section */
		130230751F7C7F7D0081D580 /* RestructureApp */ = {
			isa = PBXNativeTarget;
			buildConfigurationList = 130230881F7C7F7D0081D580 /* Build configuration list for PBXNativeTarget "RestructureApp" */;
			buildPhases = (
				130230721F7C7F7D0081D580 /* Sources */,
				130230731F7C7F7D0081D580 /* Frameworks */,
				130230741F7C7F7D0081D580 /* Resources */,
			);
			buildRules = (
			);
			dependencies = (
			);
			name = RestructureApp;
			productName = RestructureApp;
			productReference = 130230761F7C7F7D0081D580 /* RestructureApp.app */;
			productType = "com.apple.product-type.application";
		};
/* End PBXNativeTarget section */

/* Begin PBXProject section */
		1302306E1F7C7F7C0081D580 /* Project object */ = {
			isa = PBXProject;
			attributes = {
				LastSwiftUpdateCheck = 0830;
				LastUpgradeCheck = 0830;
				ORGANIZATIONNAME = Centennial;
				TargetAttributes = {
					130230751F7C7F7D0081D580 = {
						CreatedOnToolsVersion = 8.3.3;
						DevelopmentTeam = 2BULHRS882;
						ProvisioningStyle = Automatic;
					};
				};
			};
			buildConfigurationList = 130230711F7C7F7C0081D580 /* Build configuration list for PBXProject "RestructureApp" */;
			compatibilityVersion = "Xcode 3.2";
			developmentRegion = English;
			hasScannedForEncodings = 0;
			knownRegions = (
				en,
				Base,
			);
			mainGroup = 1302306D1F7C7F7C0081D580;
			productRefGroup = 130230771F7C7F7D0081D580 /* Products */;
			projectDirPath = "";
			projectRoot = "";
			targets = (
				130230751F7C7F7D0081D580 /* RestructureApp */,
			);
		};
/* End PBXProject section */

/* Begin PBXResourcesBuildPhase section */
		130230741F7C7F7D0081D580 /* Resources */ = {
			isa = PBXResourcesBuildPhase;
			buildActionMask = 2147483647;
			files = (
				130230841F7C7F7D0081D580 /* LaunchScreen.storyboard in Resources */,
				130230811F7C7F7D0081D580 /* Assets.xcassets in Resources */,
				1302307F1F7C7F7D0081D580 /* Main.storyboard in Resources */,
			);
			runOnlyForDeploymentPostprocessing = 0;
		};
/* End PBXResourcesBuildPhase section */

/* Begin PBXSourcesBuildPhase section */
		130230721F7C7F7D0081D580 /* Sources */ = {
			isa = PBXSourcesBuildPhase;
			buildActionMask = 2147483647;
			files = (
				1302307C1F7C7F7D0081D580 /* ViewController.swift in Sources */,
				1302307A1F7C7F7D0081D580 /* AppDelegate.swift in Sources */,
			);
			runOnlyForDeploymentPostprocessing = 0;
		};
/* End PBXSourcesBuildPhase section */

/* Begin PBXVariantGroup section */
		1302307D1F7C7F7D0081D580 /* Main.storyboard */ = {
			isa = PBXVariantGroup;
			children = (
				1302307E1F7C7F7D0081D580 /* Base */,
			);
			name = Main.storyboard;
			sourceTree = "<group>";
		};
		130230821F7C7F7D0081D580 /* LaunchScreen.storyboard */ = {
			isa = PBXVariantGroup;
			children = (
				130230831F7C7F7D0081D580 /* Base */,
			);
			name = LaunchScreen.storyboard;
			sourceTree = "<group>";
		};
/* End PBXVariantGroup section */

/* Begin XCBuildConfiguration section */
		130230861F7C7F7D0081D580 /* Debug */ = {
			isa = XCBuildConfiguration;
			buildSettings = {
				ALWAYS_SEARCH_USER_PATHS = NO;
				CLANG_ANALYZER_NONNULL = YES;
				CLANG_ANALYZER_NUMBER_OBJECT_CONVERSION = YES_AGGRESSIVE;
				CLANG_CXX_LANGUAGE_STANDARD = "gnu++0x";
				CLANG_CXX_LIBRARY = "libc++";
				CLANG_ENABLE_MODULES = YES;
				CLANG_ENABLE_OBJC_ARC = YES;
				CLANG_WARN_BOOL_CONVERSION = YES;
				CLANG_WARN_CONSTANT_CONVERSION = YES;
				CLANG_WARN_DIRECT_OBJC_ISA_USAGE = YES_ERROR;
				CLANG_WARN_DOCUMENTATION_COMMENTS = YES;
				CLANG_WARN_EMPTY_BODY = YES;
				CLANG_WARN_ENUM_CONVERSION = YES;
				CLANG_WARN_INFINITE_RECURSION = YES;
				CLANG_WARN_INT_CONVERSION = YES;
				CLANG_WARN_OBJC_ROOT_CLASS = YES_ERROR;
				CLANG_WARN_SUSPICIOUS_MOVE = YES;
				CLANG_WARN_UNREACHABLE_CODE = YES;
				CLANG_WARN__DUPLICATE_METHOD_MATCH = YES;
				"CODE_SIGN_IDENTITY[sdk=iphoneos*]" = "iPhone Developer";
				COPY_PHASE_STRIP = NO;
				DEBUG_INFORMATION_FORMAT = dwarf;
				ENABLE_STRICT_OBJC_MSGSEND = YES;
				ENABLE_TESTABILITY = YES;
				GCC_C_LANGUAGE_STANDARD = gnu99;
				GCC_DYNAMIC_NO_PIC = NO;
				GCC_NO_COMMON_BLOCKS = YES;
				GCC_OPTIMIZATION_LEVEL = 0;
				GCC_PREPROCESSOR_DEFINITIONS = (
					"DEBUG=1",
					"$(inherited)",
				);
				GCC_WARN_64_TO_32_BIT_CONVERSION = YES;
				GCC_WARN_ABOUT_RETURN_TYPE = YES_ERROR;
				GCC_WARN_UNDECLARED_SELECTOR = YES;
				GCC_WARN_UNINITIALIZED_AUTOS = YES_AGGRESSIVE;
				GCC_WARN_UNUSED_FUNCTION = YES;
				GCC_WARN_UNUSED_VARIABLE = YES;
				IPHONEOS_DEPLOYMENT_TARGET = 10.3;
				MTL_ENABLE_DEBUG_INFO = YES;
				ONLY_ACTIVE_ARCH = YES;
				SDKROOT = iphoneos;
				SWIFT_ACTIVE_COMPILATION_CONDITIONS = DEBUG;
				SWIFT_OPTIMIZATION_LEVEL = "-Onone";
				TARGETED_DEVICE_FAMILY = "1,2";
			};
			name = Debug;
		};
		130230871F7C7F7D0081D580 /* Release */ = {
			isa = XCBuildConfiguration;
			buildSettings = {
				ALWAYS_SEARCH_USER_PATHS = NO;
				CLANG_ANALYZER_NONNULL = YES;
				CLANG_ANALYZER_NUMBER_OBJECT_CONVERSION = YES_AGGRESSIVE;
				CLANG_CXX_LANGUAGE_STANDARD = "gnu++0x";
				CLANG_CXX_LIBRARY = "libc++";
				CLANG_ENABLE_MODULES = YES;
				CLANG_ENABLE_OBJC_ARC = YES;
				CLANG_WARN_BOOL_CONVERSION = YES;
				CLANG_WARN_CONSTANT_CONVERSION = YES;
				CLANG_WARN_DIRECT_OBJC_ISA_USAGE = YES_ERROR;
				CLANG_WARN_DOCUMENTATION_COMMENTS = YES;
				CLANG_WARN_EMPTY_BODY = YES;
				CLANG_WARN_ENUM_CONVERSION = YES;
				CLANG_WARN_INFINITE_RECURSION = YES;
				CLANG_WARN_INT_CONVERSION = YES;
				CLANG_WARN_OBJC_ROOT_CLASS = YES_ERROR;
				CLANG_WARN_SUSPICIOUS_MOVE = YES;
				CLANG_WARN_UNREACHABLE_CODE = YES;
				CLANG_WARN__DUPLICATE_METHOD_MATCH = YES;
				"CODE_SIGN_IDENTITY[sdk=iphoneos*]" = "iPhone Developer";
				COPY_PHASE_STRIP = NO;
				DEBUG_INFORMATION_FORMAT = "dwarf-with-dsym";
				ENABLE_NS_ASSERTIONS = NO;
				ENABLE_STRICT_OBJC_MSGSEND = YES;
				GCC_C_LANGUAGE_STANDARD = gnu99;
				GCC_NO_COMMON_BLOCKS = YES;
				GCC_WARN_64_TO_32_BIT_CONVERSION = YES;
				GCC_WARN_ABOUT_RETURN_TYPE = YES_ERROR;
				GCC_WARN_UNDECLARED_SELECTOR = YES;
				GCC_WARN_UNINITIALIZED_AUTOS = YES_AGGRESSIVE;
				GCC_WARN_UNUSED_FUNCTION = YES;
				GCC_WARN_UNUSED_VARIABLE = YES;
				IPHONEOS_DEPLOYMENT_TARGET = 10.3;
				MTL_ENABLE_DEBUG_INFO = NO;
				SDKROOT = iphoneos;
				SWIFT_OPTIMIZATION_LEVEL = "-Owholemodule";
				TARGETED_DEVICE_FAMILY = "1,2";
				VALIDATE_PRODUCT = YES;
			};
			name = Release;
		};
		130230891F7C7F7D0081D580 /* Debug */ = {
			isa = XCBuildConfiguration;
			buildSettings = {
				ASSETCATALOG_COMPILER_APPICON_NAME = AppIcon;
				DEVELOPMENT_TEAM = 2BULHRS882;
				INFOPLIST_FILE = RestructureApp/Info.plist;
				LD_RUNPATH_SEARCH_PATHS = "$(inherited) @executable_path/Frameworks";
				PRODUCT_BUNDLE_IDENTIFIER = ca.centennialcollege.RestructureApp;
				PRODUCT_NAME = "$(TARGET_NAME)";
				SWIFT_VERSION = 3.0;
			};
			name = Debug;
		};
		1302308A1F7C7F7D0081D580 /* Release */ = {
			isa = XCBuildConfiguration;
			buildSettings = {
				ASSETCATALOG_COMPILER_APPICON_NAME = AppIcon;
				DEVELOPMENT_TEAM = 2BULHRS882;
				INFOPLIST_FILE = RestructureApp/Info.plist;
				LD_RUNPATH_SEARCH_PATHS = "$(inherited) @executable_path/Frameworks";
				PRODUCT_BUNDLE_IDENTIFIER = ca.centennialcollege.RestructureApp;
				PRODUCT_NAME = "$(TARGET_NAME)";
				SWIFT_VERSION = 3.0;
			};
			name = Release;
		};
/* End XCBuildConfiguration section */

/* Begin XCConfigurationList section */
		130230711F7C7F7C0081D580 /* Build configuration list for PBXProject "RestructureApp" */ = {
			isa = XCConfigurationList;
			buildConfigurations = (
				130230861F7C7F7D0081D580 /* Debug */,
				130230871F7C7F7D0081D580 /* Release */,
			);
			defaultConfigurationIsVisible = 0;
			defaultConfigurationName = Release;
		};
		130230881F7C7F7D0081D580 /* Build configuration list for PBXNativeTarget "RestructureApp" */ = {
			isa = XCConfigurationList;
			buildConfigurations = (
				130230891F7C7F7D0081D580 /* Debug */,
				1302308A1F7C7F7D0081D580 /* Release */,
			);
			defaultConfigurationIsVisible = 0;
		};
/* End XCConfigurationList section */
	};
	rootObject = 1302306E1F7C7F7C0081D580 /* Project object */;
}
